// !$*UTF8*$!
{
	archiveVersion = 1;
	classes = {
	};
	objectVersion = 46;
	objects = {

/* Begin PBXBuildFile section */
		CD1CCED01EA6879F0074D107 /* EmployeeDatabase.m in Sources */ = {isa = PBXBuildFile; fileRef = CD1CCECF1EA6879F0074D107 /* EmployeeDatabase.m */; };
		CDE558FF1EA5612A006EBAD9 /* main.m in Sources */ = {isa = PBXBuildFile; fileRef = CDE558FE1EA5612A006EBAD9 /* main.m */; };
		CDE559021EA5612A006EBAD9 /* AppDelegate.m in Sources */ = {isa = PBXBuildFile; fileRef = CDE559011EA5612A006EBAD9 /* AppDelegate.m */; };
		CDE559051EA5612A006EBAD9 /* ViewControlla.m in Sources */ = {isa = PBXBuildFile; fileRef = CDE559041EA5612A006EBAD9 /* ViewControlla.m */; };
		CDE559081EA5612A006EBAD9 /* Main.storyboard in Resources */ = {isa = PBXBuildFile; fileRef = CDE559061EA5612A006EBAD9 /* Main.storyboard */; };
		CDE5590A1EA5612A006EBAD9 /* Assets.xcassets in Resources */ = {isa = PBXBuildFile; fileRef = CDE559091EA5612A006EBAD9 /* Assets.xcassets */; };
		CDE5590D1EA5612A006EBAD9 /* LaunchScreen.storyboard in Resources */ = {isa = PBXBuildFile; fileRef = CDE5590B1EA5612A006EBAD9 /* LaunchScreen.storyboard */; };
		CDE559161EA56244006EBAD9 /* NSString+String.m in Sources */ = {isa = PBXBuildFile; fileRef = CDE559151EA56244006EBAD9 /* NSString+String.m */; };
		CDE559191EA57215006EBAD9 /* Person.m in Sources */ = {isa = PBXBuildFile; fileRef = CDE559181EA57215006EBAD9 /* Person.m */; };
		CDE5591C1EA573C4006EBAD9 /* Employee.m in Sources */ = {isa = PBXBuildFile; fileRef = CDE5591B1EA573C4006EBAD9 /* Employee.m */; };
		CDE559231EA57A50006EBAD9 /* Queue.m in Sources */ = {isa = PBXBuildFile; fileRef = CDE559221EA57A50006EBAD9 /* Queue.m */; };
/* End PBXBuildFile section */

/* Begin PBXFileReference section */
		CD1CCECE1EA6879F0074D107 /* EmployeeDatabase.h */ = {isa = PBXFileReference; fileEncoding = 4; lastKnownFileType = sourcecode.c.h; path = EmployeeDatabase.h; sourceTree = "<group>"; };
		CD1CCECF1EA6879F0074D107 /* EmployeeDatabase.m */ = {isa = PBXFileReference; fileEncoding = 4; lastKnownFileType = sourcecode.c.objc; path = EmployeeDatabase.m; sourceTree = "<group>"; };
		CDE558FA1EA5612A006EBAD9 /* obj-c-lab-1.app */ = {isa = PBXFileReference; explicitFileType = wrapper.application; includeInIndex = 0; path = "obj-c-lab-1.app"; sourceTree = BUILT_PRODUCTS_DIR; };
		CDE558FE1EA5612A006EBAD9 /* main.m */ = {isa = PBXFileReference; lastKnownFileType = sourcecode.c.objc; path = main.m; sourceTree = "<group>"; };
		CDE559001EA5612A006EBAD9 /* AppDelegate.h */ = {isa = PBXFileReference; lastKnownFileType = sourcecode.c.h; path = AppDelegate.h; sourceTree = "<group>"; };
		CDE559011EA5612A006EBAD9 /* AppDelegate.m */ = {isa = PBXFileReference; lastKnownFileType = sourcecode.c.objc; path = AppDelegate.m; sourceTree = "<group>"; };
		CDE559031EA5612A006EBAD9 /* ViewControlla.h */ = {isa = PBXFileReference; lastKnownFileType = sourcecode.c.h; path = ViewControlla.h; sourceTree = "<group>"; };
		CDE559041EA5612A006EBAD9 /* ViewControlla.m */ = {isa = PBXFileReference; lastKnownFileType = sourcecode.c.objc; path = ViewControlla.m; sourceTree = "<group>"; };
		CDE559071EA5612A006EBAD9 /* Base */ = {isa = PBXFileReference; lastKnownFileType = file.storyboard; name = Base; path = Base.lproj/Main.storyboard; sourceTree = "<group>"; };
		CDE559091EA5612A006EBAD9 /* Assets.xcassets */ = {isa = PBXFileReference; lastKnownFileType = folder.assetcatalog; path = Assets.xcassets; sourceTree = "<group>"; };
		CDE5590C1EA5612A006EBAD9 /* Base */ = {isa = PBXFileReference; lastKnownFileType = file.storyboard; name = Base; path = Base.lproj/LaunchScreen.storyboard; sourceTree = "<group>"; };
		CDE5590E1EA5612A006EBAD9 /* Info.plist */ = {isa = PBXFileReference; lastKnownFileType = text.plist.xml; path = Info.plist; sourceTree = "<group>"; };
		CDE559141EA56244006EBAD9 /* NSString+String.h */ = {isa = PBXFileReference; fileEncoding = 4; lastKnownFileType = sourcecode.c.h; path = "NSString+String.h"; sourceTree = "<group>"; };
		CDE559151EA56244006EBAD9 /* NSString+String.m */ = {isa = PBXFileReference; fileEncoding = 4; lastKnownFileType = sourcecode.c.objc; path = "NSString+String.m"; sourceTree = "<group>"; };
		CDE559171EA57215006EBAD9 /* Person.h */ = {isa = PBXFileReference; fileEncoding = 4; lastKnownFileType = sourcecode.c.h; path = Person.h; sourceTree = "<group>"; };
		CDE559181EA57215006EBAD9 /* Person.m */ = {isa = PBXFileReference; fileEncoding = 4; lastKnownFileType = sourcecode.c.objc; path = Person.m; sourceTree = "<group>"; };
		CDE5591A1EA573C4006EBAD9 /* Employee.h */ = {isa = PBXFileReference; fileEncoding = 4; lastKnownFileType = sourcecode.c.h; path = Employee.h; sourceTree = "<group>"; };
		CDE5591B1EA573C4006EBAD9 /* Employee.m */ = {isa = PBXFileReference; fileEncoding = 4; lastKnownFileType = sourcecode.c.objc; path = Employee.m; sourceTree = "<group>"; };
		CDE5591D1EA576D8006EBAD9 /* PersonQueue.h */ = {isa = PBXFileReference; fileEncoding = 4; lastKnownFileType = sourcecode.c.h; path = PersonQueue.h; sourceTree = "<group>"; };
		CDE559211EA57A50006EBAD9 /* Queue.h */ = {isa = PBXFileReference; fileEncoding = 4; lastKnownFileType = sourcecode.c.h; path = Queue.h; sourceTree = "<group>"; };
		CDE559221EA57A50006EBAD9 /* Queue.m */ = {isa = PBXFileReference; fileEncoding = 4; lastKnownFileType = sourcecode.c.objc; path = Queue.m; sourceTree = "<group>"; };
/* End PBXFileReference section */

/* Begin PBXFrameworksBuildPhase section */
		CDE558F71EA5612A006EBAD9 /* Frameworks */ = {
			isa = PBXFrameworksBuildPhase;
			buildActionMask = 2147483647;
			files = (
			);
			runOnlyForDeploymentPostprocessing = 0;
		};
/* End PBXFrameworksBuildPhase section */

/* Begin PBXGroup section */
		CD1CCED11EA687B50074D107 /* model */ = {
			isa = PBXGroup;
			children = (
				CDE5591D1EA576D8006EBAD9 /* PersonQueue.h */,
				CDE559211EA57A50006EBAD9 /* Queue.h */,
				CDE559221EA57A50006EBAD9 /* Queue.m */,
				CDE5591B1EA573C4006EBAD9 /* Employee.m */,
				CDE559181EA57215006EBAD9 /* Person.m */,
				CD1CCECE1EA6879F0074D107 /* EmployeeDatabase.h */,
				CD1CCECF1EA6879F0074D107 /* EmployeeDatabase.m */,
				CDE559171EA57215006EBAD9 /* Person.h */,
				CDE5591A1EA573C4006EBAD9 /* Employee.h */,
			);
			name = model;
			sourceTree = "<group>";
		};
		CD1CCED21EA687D90074D107 /* view */ = {
			isa = PBXGroup;
			children = (
				CDE559031EA5612A006EBAD9 /* ViewControlla.h */,
				CDE559041EA5612A006EBAD9 /* ViewControlla.m */,
				CDE559061EA5612A006EBAD9 /* Main.storyboard */,
				CDE559091EA5612A006EBAD9 /* Assets.xcassets */,
				CDE5590B1EA5612A006EBAD9 /* LaunchScreen.storyboard */,
			);
			name = view;
			sourceTree = "<group>";
		};
		CDE558F11EA56129006EBAD9 = {
			isa = PBXGroup;
			children = (
				CDE558FC1EA5612A006EBAD9 /* obj-c-lab-1 */,
				CDE558FB1EA5612A006EBAD9 /* Products */,
			);
			sourceTree = "<group>";
		};
		CDE558FB1EA5612A006EBAD9 /* Products */ = {
			isa = PBXGroup;
			children = (
				CDE558FA1EA5612A006EBAD9 /* obj-c-lab-1.app */,
			);
			name = Products;
			sourceTree = "<group>";
		};
		CDE558FC1EA5612A006EBAD9 /* obj-c-lab-1 */ = {
			isa = PBXGroup;
			children = (
				CDE559001EA5612A006EBAD9 /* AppDelegate.h */,
				CDE559011EA5612A006EBAD9 /* AppDelegate.m */,
				CDE559141EA56244006EBAD9 /* NSString+String.h */,
				CDE559151EA56244006EBAD9 /* NSString+String.m */,
				CD1CCED11EA687B50074D107 /* model */,
				CD1CCED21EA687D90074D107 /* view */,
				CDE5590E1EA5612A006EBAD9 /* Info.plist */,
				CDE558FD1EA5612A006EBAD9 /* Supporting Files */,
			);
			path = "obj-c-lab-1";
			sourceTree = "<group>";
		};
		CDE558FD1EA5612A006EBAD9 /* Supporting Files */ = {
			isa = PBXGroup;
			children = (
				CDE558FE1EA5612A006EBAD9 /* main.m */,
			);
			name = "Supporting Files";
			sourceTree = "<group>";
		};
/* End PBXGroup section */

/* Begin PBXNativeTarget section */
		CDE558F91EA5612A006EBAD9 /* obj-c-lab-1 */ = {
			isa = PBXNativeTarget;
			buildConfigurationList = CDE559111EA5612A006EBAD9 /* Build configuration list for PBXNativeTarget "obj-c-lab-1" */;
			buildPhases = (
				CDE558F61EA5612A006EBAD9 /* Sources */,
				CDE558F71EA5612A006EBAD9 /* Frameworks */,
				CDE558F81EA5612A006EBAD9 /* Resources */,
			);
			buildRules = (
			);
			dependencies = (
			);
			name = "obj-c-lab-1";
			productName = "obj-c-lab-1";
			productReference = CDE558FA1EA5612A006EBAD9 /* obj-c-lab-1.app */;
			productType = "com.apple.product-type.application";
		};
/* End PBXNativeTarget section */

/* Begin PBXProject section */
		CDE558F21EA56129006EBAD9 /* Project object */ = {
			isa = PBXProject;
			attributes = {
				LastUpgradeCheck = 0830;
				ORGANIZATIONNAME = "Elyanil Liranzo Castro";
				TargetAttributes = {
					CDE558F91EA5612A006EBAD9 = {
						CreatedOnToolsVersion = 8.3.1;
						DevelopmentTeam = 6EJN6WTQBM;
						ProvisioningStyle = Automatic;
					};
				};
			};
			buildConfigurationList = CDE558F51EA56129006EBAD9 /* Build configuration list for PBXProject "obj-c-lab-1" */;
			compatibilityVersion = "Xcode 3.2";
			developmentRegion = English;
			hasScannedForEncodings = 0;
			knownRegions = (
				en,
				Base,
			);
			mainGroup = CDE558F11EA56129006EBAD9;
			productRefGroup = CDE558FB1EA5612A006EBAD9 /* Products */;
			projectDirPath = "";
			projectRoot = "";
			targets = (
				CDE558F91EA5612A006EBAD9 /* obj-c-lab-1 */,
			);
		};
/* End PBXProject section */

/* Begin PBXResourcesBuildPhase section */
		CDE558F81EA5612A006EBAD9 /* Resources */ = {
			isa = PBXResourcesBuildPhase;
			buildActionMask = 2147483647;
			files = (
				CDE5590D1EA5612A006EBAD9 /* LaunchScreen.storyboard in Resources */,
				CDE5590A1EA5612A006EBAD9 /* Assets.xcassets in Resources */,
				CDE559081EA5612A006EBAD9 /* Main.storyboard in Resources */,
			);
			runOnlyForDeploymentPostprocessing = 0;
		};
/* End PBXResourcesBuildPhase section */

/* Begin PBXSourcesBuildPhase section */
		CDE558F61EA5612A006EBAD9 /* Sources */ = {
			isa = PBXSourcesBuildPhase;
			buildActionMask = 2147483647;
			files = (
				CDE559231EA57A50006EBAD9 /* Queue.m in Sources */,
				CDE559051EA5612A006EBAD9 /* ViewControlla.m in Sources */,
				CD1CCED01EA6879F0074D107 /* EmployeeDatabase.m in Sources */,
				CDE559021EA5612A006EBAD9 /* AppDelegate.m in Sources */,
				CDE559191EA57215006EBAD9 /* Person.m in Sources */,
				CDE5591C1EA573C4006EBAD9 /* Employee.m in Sources */,
				CDE559161EA56244006EBAD9 /* NSString+String.m in Sources */,
				CDE558FF1EA5612A006EBAD9 /* main.m in Sources */,
			);
			runOnlyForDeploymentPostprocessing = 0;
		};
/* End PBXSourcesBuildPhase section */

/* Begin PBXVariantGroup section */
		CDE559061EA5612A006EBAD9 /* Main.storyboard */ = {
			isa = PBXVariantGroup;
			children = (
				CDE559071EA5612A006EBAD9 /* Base */,
			);
			name = Main.storyboard;
			sourceTree = "<group>";
		};
		CDE5590B1EA5612A006EBAD9 /* LaunchScreen.storyboard */ = {
			isa = PBXVariantGroup;
			children = (
				CDE5590C1EA5612A006EBAD9 /* Base */,
			);
			name = LaunchScreen.storyboard;
			sourceTree = "<group>";
		};
/* End PBXVariantGroup section */

/* Begin XCBuildConfiguration section */
		CDE5590F1EA5612A006EBAD9 /* Debug */ = {
			isa = XCBuildConfiguration;
			buildSettings = {
				ALWAYS_SEARCH_USER_PATHS = NO;
				CLANG_ANALYZER_NONNULL = YES;
				CLANG_ANALYZER_NUMBER_OBJECT_CONVERSION = YES_AGGRESSIVE;
				CLANG_CXX_LANGUAGE_STANDARD = "gnu++0x";
				CLANG_CXX_LIBRARY = "libc++";
				CLANG_ENABLE_MODULES = YES;
				CLANG_ENABLE_OBJC_ARC = YES;
				CLANG_WARN_BOOL_CONVERSION = YES;
				CLANG_WARN_CONSTANT_CONVERSION = YES;
				CLANG_WARN_DIRECT_OBJC_ISA_USAGE = YES_ERROR;
				CLANG_WARN_DOCUMENTATION_COMMENTS = YES;
				CLANG_WARN_EMPTY_BODY = YES;
				CLANG_WARN_ENUM_CONVERSION = YES;
				CLANG_WARN_INFINITE_RECURSION = YES;
				CLANG_WARN_INT_CONVERSION = YES;
				CLANG_WARN_OBJC_ROOT_CLASS = YES_ERROR;
				CLANG_WARN_SUSPICIOUS_MOVE = YES;
				CLANG_WARN_UNREACHABLE_CODE = YES;
				CLANG_WARN__DUPLICATE_METHOD_MATCH = YES;
				"CODE_SIGN_IDENTITY[sdk=iphoneos*]" = "iPhone Developer";
				COPY_PHASE_STRIP = NO;
				DEBUG_INFORMATION_FORMAT = dwarf;
				ENABLE_STRICT_OBJC_MSGSEND = YES;
				ENABLE_TESTABILITY = YES;
				GCC_C_LANGUAGE_STANDARD = gnu99;
				GCC_DYNAMIC_NO_PIC = NO;
				GCC_NO_COMMON_BLOCKS = YES;
				GCC_OPTIMIZATION_LEVEL = 0;
				GCC_PREPROCESSOR_DEFINITIONS = (
					"DEBUG=1",
					"$(inherited)",
				);
				GCC_WARN_64_TO_32_BIT_CONVERSION = YES;
				GCC_WARN_ABOUT_RETURN_TYPE = YES_ERROR;
				GCC_WARN_UNDECLARED_SELECTOR = YES;
				GCC_WARN_UNINITIALIZED_AUTOS = YES_AGGRESSIVE;
				GCC_WARN_UNUSED_FUNCTION = YES;
				GCC_WARN_UNUSED_VARIABLE = YES;
				IPHONEOS_DEPLOYMENT_TARGET = 10.3;
				MTL_ENABLE_DEBUG_INFO = YES;
				ONLY_ACTIVE_ARCH = YES;
				SDKROOT = iphoneos;
				TARGETED_DEVICE_FAMILY = "1,2";
			};
			name = Debug;
		};
		CDE559101EA5612A006EBAD9 /* Release */ = {
			isa = XCBuildConfiguration;
			buildSettings = {
				ALWAYS_SEARCH_USER_PATHS = NO;
				CLANG_ANALYZER_NONNULL = YES;
				CLANG_ANALYZER_NUMBER_OBJECT_CONVERSION = YES_AGGRESSIVE;
				CLANG_CXX_LANGUAGE_STANDARD = "gnu++0x";
				CLANG_CXX_LIBRARY = "libc++";
				CLANG_ENABLE_MODULES = YES;
				CLANG_ENABLE_OBJC_ARC = YES;
				CLANG_WARN_BOOL_CONVERSION = YES;
				CLANG_WARN_CONSTANT_CONVERSION = YES;
				CLANG_WARN_DIRECT_OBJC_ISA_USAGE = YES_ERROR;
				CLANG_WARN_DOCUMENTATION_COMMENTS = YES;
				CLANG_WARN_EMPTY_BODY = YES;
				CLANG_WARN_ENUM_CONVERSION = YES;
				CLANG_WARN_INFINITE_RECURSION = YES;
				CLANG_WARN_INT_CONVERSION = YES;
				CLANG_WARN_OBJC_ROOT_CLASS = YES_ERROR;
				CLANG_WARN_SUSPICIOUS_MOVE = YES;
				CLANG_WARN_UNREACHABLE_CODE = YES;
				CLANG_WARN__DUPLICATE_METHOD_MATCH = YES;
				"CODE_SIGN_IDENTITY[sdk=iphoneos*]" = "iPhone Developer";
				COPY_PHASE_STRIP = NO;
				DEBUG_INFORMATION_FORMAT = "dwarf-with-dsym";
				ENABLE_NS_ASSERTIONS = NO;
				ENABLE_STRICT_OBJC_MSGSEND = YES;
				GCC_C_LANGUAGE_STANDARD = gnu99;
				GCC_NO_COMMON_BLOCKS = YES;
				GCC_WARN_64_TO_32_BIT_CONVERSION = YES;
				GCC_WARN_ABOUT_RETURN_TYPE = YES_ERROR;
				GCC_WARN_UNDECLARED_SELECTOR = YES;
				GCC_WARN_UNINITIALIZED_AUTOS = YES_AGGRESSIVE;
				GCC_WARN_UNUSED_FUNCTION = YES;
				GCC_WARN_UNUSED_VARIABLE = YES;
				IPHONEOS_DEPLOYMENT_TARGET = 10.3;
				MTL_ENABLE_DEBUG_INFO = NO;
				SDKROOT = iphoneos;
				TARGETED_DEVICE_FAMILY = "1,2";
				VALIDATE_PRODUCT = YES;
			};
			name = Release;
		};
		CDE559121EA5612A006EBAD9 /* Debug */ = {
			isa = XCBuildConfiguration;
			buildSettings = {
				ASSETCATALOG_COMPILER_APPICON_NAME = AppIcon;
				DEVELOPMENT_TEAM = 6EJN6WTQBM;
				INFOPLIST_FILE = "obj-c-lab-1/Info.plist";
				LD_RUNPATH_SEARCH_PATHS = "$(inherited) @executable_path/Frameworks";
				PRODUCT_BUNDLE_IDENTIFIER = "com.elyaniliranzocastro.obj-c-lab-1";
				PRODUCT_NAME = "$(TARGET_NAME)";
			};
			name = Debug;
		};
		CDE559131EA5612A006EBAD9 /* Release */ = {
			isa = XCBuildConfiguration;
			buildSettings = {
				ASSETCATALOG_COMPILER_APPICON_NAME = AppIcon;
				DEVELOPMENT_TEAM = 6EJN6WTQBM;
				INFOPLIST_FILE = "obj-c-lab-1/Info.plist";
				LD_RUNPATH_SEARCH_PATHS = "$(inherited) @executable_path/Frameworks";
				PRODUCT_BUNDLE_IDENTIFIER = "com.elyaniliranzocastro.obj-c-lab-1";
				PRODUCT_NAME = "$(TARGET_NAME)";
			};
			name = Release;
		};
/* End XCBuildConfiguration section */

/* Begin XCConfigurationList section */
		CDE558F51EA56129006EBAD9 /* Build configuration list for PBXProject "obj-c-lab-1" */ = {
			isa = XCConfigurationList;
			buildConfigurations = (
				CDE5590F1EA5612A006EBAD9 /* Debug */,
				CDE559101EA5612A006EBAD9 /* Release */,
			);
			defaultConfigurationIsVisible = 0;
			defaultConfigurationName = Release;
		};
		CDE559111EA5612A006EBAD9 /* Build configuration list for PBXNativeTarget "obj-c-lab-1" */ = {
			isa = XCConfigurationList;
			buildConfigurations = (
				CDE559121EA5612A006EBAD9 /* Debug */,
				CDE559131EA5612A006EBAD9 /* Release */,
			);
			defaultConfigurationIsVisible = 0;
			defaultConfigurationName = Release;
		};
/* End XCConfigurationList section */
	};
	rootObject = CDE558F21EA56129006EBAD9 /* Project object */;
}
